
Microsoft Visual Studio Solution File, Format Version 12.00
# Visual Studio 15
VisualStudioVersion = 15.0.26124.0
MinimumVisualStudioVersion = 15.0.26124.0
Project("{FAE04EC0-301F-11D3-BF4B-00C04F79EFBC}") = "MyCode", "MyCode\MyCode.csproj", "{2EAE001B-3012-418C-ADC1-D52CCA9B5055}"
EndProject
Project("{FAE04EC0-301F-11D3-BF4B-00C04F79EFBC}") = "Tests", "Tests\Tests.csproj", "{038981CE-269A-4B57-B3EB-FE758A255DEB}"
EndProject
Global
	GlobalSection(SolutionConfigurationPlatforms) = preSolution
		Debug|Any CPU = Debug|Any CPU
		Debug|x64 = Debug|x64
		Debug|x86 = Debug|x86
		Release|Any CPU = Release|Any CPU
		Release|x64 = Release|x64
		Release|x86 = Release|x86
	EndGlobalSection
	GlobalSection(SolutionProperties) = preSolution
		HideSolutionNode = FALSE
	EndGlobalSection
	GlobalSection(ProjectConfigurationPlatforms) = postSolution
		{2EAE001B-3012-418C-ADC1-D52CCA9B5055}.Debug|Any CPU.ActiveCfg = Debug|Any CPU
		{2EAE001B-3012-418C-ADC1-D52CCA9B5055}.Debug|Any CPU.Build.0 = Debug|Any CPU
		{2EAE001B-3012-418C-ADC1-D52CCA9B5055}.Debug|x64.ActiveCfg = Debug|Any CPU
		{2EAE001B-3012-418C-ADC1-D52CCA9B5055}.Debug|x64.Build.0 = Debug|Any CPU
		{2EAE001B-3012-418C-ADC1-D52CCA9B5055}.Debug|x86.ActiveCfg = Debug|Any CPU
		{2EAE001B-3012-418C-ADC1-D52CCA9B5055}.Debug|x86.Build.0 = Debug|Any CPU
		{2EAE001B-3012-418C-ADC1-D52CCA9B5055}.Release|Any CPU.ActiveCfg = Release|Any CPU
		{2EAE001B-3012-418C-ADC1-D52CCA9B5055}.Release|Any CPU.Build.0 = Release|Any CPU
		{2EAE001B-3012-418C-ADC1-D52CCA9B5055}.Release|x64.ActiveCfg = Release|Any CPU
		{2EAE001B-3012-418C-ADC1-D52CCA9B5055}.Release|x64.Build.0 = Release|Any CPU
		{2EAE001B-3012-418C-ADC1-D52CCA9B5055}.Release|x86.ActiveCfg = Release|Any CPU
		{2EAE001B-3012-418C-ADC1-D52CCA9B5055}.Release|x86.Build.0 = Release|Any CPU
		{038981CE-269A-4B57-B3EB-FE758A255DEB}.Debug|Any CPU.ActiveCfg = Debug|Any CPU
		{038981CE-269A-4B57-B3EB-FE758A255DEB}.Debug|Any CPU.Build.0 = Debug|Any CPU
		{038981CE-269A-4B57-B3EB-FE758A255DEB}.Debug|x64.ActiveCfg = Debug|Any CPU
		{038981CE-269A-4B57-B3EB-FE758A255DEB}.Debug|x64.Build.0 = Debug|Any CPU
		{038981CE-269A-4B57-B3EB-FE758A255DEB}.Debug|x86.ActiveCfg = Debug|Any CPU
		{038981CE-269A-4B57-B3EB-FE758A255DEB}.Debug|x86.Build.0 = Debug|Any CPU
		{038981CE-269A-4B57-B3EB-FE758A255DEB}.Release|Any CPU.ActiveCfg = Release|Any CPU
		{038981CE-269A-4B57-B3EB-FE758A255DEB}.Release|Any CPU.Build.0 = Release|Any CPU
		{038981CE-269A-4B57-B3EB-FE758A255DEB}.Release|x64.ActiveCfg = Release|Any CPU
		{038981CE-269A-4B57-B3EB-FE758A255DEB}.Release|x64.Build.0 = Release|Any CPU
		{038981CE-269A-4B57-B3EB-FE758A255DEB}.Release|x86.ActiveCfg = Release|Any CPU
		{038981CE-269A-4B57-B3EB-FE758A255DEB}.Release|x86.Build.0 = Release|Any CPU
	EndGlobalSection
EndGlobal
